{
  "meteor": {},
  "dependencies": {
    "basePackages": {
      "ma:simple-schema": {
        "git": "https://github.com/doubleslashG/ma-simple-schema.git",
        "branch": "master"
      },
      "ma:wizard": {
        "git": "https://github.com/doubleslashG/ma-wizard.git",
        "branch": "master"
      }
    },
    "packages": {
      "ma:simple-schema": {
        "git": "https://github.com/doubleslashG/ma-simple-schema.git",
        "branch": "master",
        "commit": "c649b8416a0affe4a69fed6c8cf01e85b5e8990b"
      },
      "ma:wizard": {
        "git": "https://github.com/doubleslashG/ma-wizard.git",
        "branch": "master",
        "commit": "4db6d317012b507b41f647423837e50e4d541a6f"
      }
    }
  }
}
